
Microsoft Visual Studio Solution File, Format Version 12.00
# Visual Studio Version 16
VisualStudioVersion = 16.0.30225.117
MinimumVisualStudioVersion = 10.0.40219.1
Project("{FAE04EC0-301F-11D3-BF4B-00C04F79EFBC}") = "YurOTSharp", "YurOTSharp.csproj", "{32220148-3D55-477A-BE93-FE96F7F9B50D}"
EndProject
Global
	GlobalSection(SolutionConfigurationPlatforms) = preSolution
		Debug|Any CPU = Debug|Any CPU
		Release|Any CPU = Release|Any CPU
	EndGlobalSection
	GlobalSection(ProjectConfigurationPlatforms) = postSolution
		{32220148-3D55-477A-BE93-FE96F7F9B50D}.Debug|Any CPU.ActiveCfg = Debug|Any CPU
		{32220148-3D55-477A-BE93-FE96F7F9B50D}.Debug|Any CPU.Build.0 = Debug|Any CPU
		{32220148-3D55-477A-BE93-FE96F7F9B50D}.Release|Any CPU.ActiveCfg = Release|Any CPU
		{32220148-3D55-477A-BE93-FE96F7F9B50D}.Release|Any CPU.Build.0 = Release|Any CPU
	EndGlobalSection
	GlobalSection(SolutionProperties) = preSolution
		HideSolutionNode = FALSE
	EndGlobalSection
	GlobalSection(ExtensibilityGlobals) = postSolution
		SolutionGuid = {88C351E4-DB78-47F3-92EE-200184AD8BDE}
	EndGlobalSection
EndGlobal
